
Microsoft Visual Studio Solution File, Format Version 12.00
# Visual Studio Version 17
Project("{8BC9CEB8-8B4A-11D0-8D11-00A0C91BC942}") = "ALL_BUILD", "ALL_BUILD.vcxproj", "{692BD9D4-7C15-3665-81B3-BC201F990B0A}"
	ProjectSection(ProjectDependencies) = postProject
		{E13FE0D7-049E-3C3B-A013-47120D722EE4} = {E13FE0D7-049E-3C3B-A013-47120D722EE4}
		{2491B917-D1E2-3742-BE37-D04F8A953D18} = {2491B917-D1E2-3742-BE37-D04F8A953D18}
	EndProjectSection
EndProject
Project("{8BC9CEB8-8B4A-11D0-8D11-00A0C91BC942}") = "Console1.cpp", "Console1.cpp.vcxproj", "{E13FE0D7-049E-3C3B-A013-47120D722EE4}"
	ProjectSection(ProjectDependencies) = postProject
		{2491B917-D1E2-3742-BE37-D04F8A953D18} = {2491B917-D1E2-3742-BE37-D04F8A953D18}
	EndProjectSection
EndProject
Project("{8BC9CEB8-8B4A-11D0-8D11-00A0C91BC942}") = "ZERO_CHECK", "ZERO_CHECK.vcxproj", "{2491B917-D1E2-3742-BE37-D04F8A953D18}"
	ProjectSection(ProjectDependencies) = postProject
	EndProjectSection
EndProject
Global
	GlobalSection(SolutionConfigurationPlatforms) = preSolution
		Debug|x64 = Debug|x64
		Release|x64 = Release|x64
		MinSizeRel|x64 = MinSizeRel|x64
		RelWithDebInfo|x64 = RelWithDebInfo|x64
	EndGlobalSection
	GlobalSection(ProjectConfigurationPlatforms) = postSolution
		{692BD9D4-7C15-3665-81B3-BC201F990B0A}.Debug|x64.ActiveCfg = Debug|x64
		{692BD9D4-7C15-3665-81B3-BC201F990B0A}.Release|x64.ActiveCfg = Release|x64
		{692BD9D4-7C15-3665-81B3-BC201F990B0A}.MinSizeRel|x64.ActiveCfg = MinSizeRel|x64
		{692BD9D4-7C15-3665-81B3-BC201F990B0A}.RelWithDebInfo|x64.ActiveCfg = RelWithDebInfo|x64
		{E13FE0D7-049E-3C3B-A013-47120D722EE4}.Debug|x64.ActiveCfg = Debug|x64
		{E13FE0D7-049E-3C3B-A013-47120D722EE4}.Debug|x64.Build.0 = Debug|x64
		{E13FE0D7-049E-3C3B-A013-47120D722EE4}.Release|x64.ActiveCfg = Release|x64
		{E13FE0D7-049E-3C3B-A013-47120D722EE4}.Release|x64.Build.0 = Release|x64
		{E13FE0D7-049E-3C3B-A013-47120D722EE4}.MinSizeRel|x64.ActiveCfg = MinSizeRel|x64
		{E13FE0D7-049E-3C3B-A013-47120D722EE4}.MinSizeRel|x64.Build.0 = MinSizeRel|x64
		{E13FE0D7-049E-3C3B-A013-47120D722EE4}.RelWithDebInfo|x64.ActiveCfg = RelWithDebInfo|x64
		{E13FE0D7-049E-3C3B-A013-47120D722EE4}.RelWithDebInfo|x64.Build.0 = RelWithDebInfo|x64
		{2491B917-D1E2-3742-BE37-D04F8A953D18}.Debug|x64.ActiveCfg = Debug|x64
		{2491B917-D1E2-3742-BE37-D04F8A953D18}.Debug|x64.Build.0 = Debug|x64
		{2491B917-D1E2-3742-BE37-D04F8A953D18}.Release|x64.ActiveCfg = Release|x64
		{2491B917-D1E2-3742-BE37-D04F8A953D18}.Release|x64.Build.0 = Release|x64
		{2491B917-D1E2-3742-BE37-D04F8A953D18}.MinSizeRel|x64.ActiveCfg = MinSizeRel|x64
		{2491B917-D1E2-3742-BE37-D04F8A953D18}.MinSizeRel|x64.Build.0 = MinSizeRel|x64
		{2491B917-D1E2-3742-BE37-D04F8A953D18}.RelWithDebInfo|x64.ActiveCfg = RelWithDebInfo|x64
		{2491B917-D1E2-3742-BE37-D04F8A953D18}.RelWithDebInfo|x64.Build.0 = RelWithDebInfo|x64
	EndGlobalSection
	GlobalSection(ExtensibilityGlobals) = postSolution
		SolutionGuid = {C879D304-D727-3D18-A1F7-D303FE18DCD5}
	EndGlobalSection
	GlobalSection(ExtensibilityAddIns) = postSolution
	EndGlobalSection
EndGlobal
