<?xml version="1.0" encoding="utf-8"?>
<Project ToolsVersion="17.0" xmlns="http://schemas.microsoft.com/developer/msbuild/2003">
  <ItemGroup>
    <CustomBuild Include="C:\Users\ilano\OneDrive\Рабочий стол\iiii\CMakeFiles\c139c5a621eaa6d753946542513ed694\generate.stamp.rule">
      <Filter>CMake Rules</Filter>
    </CustomBuild>
  </ItemGroup>
  <ItemGroup>
    <Filter Include="CMake Rules">
      <UniqueIdentifier>{EB157EF7-788D-350B-85E2-6C98C76F0F9A}</UniqueIdentifier>
    </Filter>
  </ItemGroup>
</Project>
