
Microsoft Visual Studio Solution File, Format Version 12.00
# Visual Studio Version 17
Project("{8BC9CEB8-8B4A-11D0-8D11-00A0C91BC942}") = "ALL_BUILD", "ALL_BUILD.vcxproj", "{98349A9E-A16C-31D4-89F9-C0BBA00D4624}"
	ProjectSection(ProjectDependencies) = postProject
		{4795B7C1-FCFA-364C-BB1B-91320AB9ECA1} = {4795B7C1-FCFA-364C-BB1B-91320AB9ECA1}
		{59D96D23-8EA9-371B-BC77-BE576C87B5A8} = {59D96D23-8EA9-371B-BC77-BE576C87B5A8}
	EndProjectSection
EndProject
Project("{8BC9CEB8-8B4A-11D0-8D11-00A0C91BC942}") = "ZERO_CHECK", "ZERO_CHECK.vcxproj", "{4795B7C1-FCFA-364C-BB1B-91320AB9ECA1}"
	ProjectSection(ProjectDependencies) = postProject
	EndProjectSection
EndProject
Project("{8BC9CEB8-8B4A-11D0-8D11-00A0C91BC942}") = "laba_2.cpp", "laba_2.cpp.vcxproj", "{59D96D23-8EA9-371B-BC77-BE576C87B5A8}"
	ProjectSection(ProjectDependencies) = postProject
		{4795B7C1-FCFA-364C-BB1B-91320AB9ECA1} = {4795B7C1-FCFA-364C-BB1B-91320AB9ECA1}
	EndProjectSection
EndProject
Global
	GlobalSection(SolutionConfigurationPlatforms) = preSolution
		Debug|x64 = Debug|x64
		Release|x64 = Release|x64
		MinSizeRel|x64 = MinSizeRel|x64
		RelWithDebInfo|x64 = RelWithDebInfo|x64
	EndGlobalSection
	GlobalSection(ProjectConfigurationPlatforms) = postSolution
		{98349A9E-A16C-31D4-89F9-C0BBA00D4624}.Debug|x64.ActiveCfg = Debug|x64
		{98349A9E-A16C-31D4-89F9-C0BBA00D4624}.Release|x64.ActiveCfg = Release|x64
		{98349A9E-A16C-31D4-89F9-C0BBA00D4624}.MinSizeRel|x64.ActiveCfg = MinSizeRel|x64
		{98349A9E-A16C-31D4-89F9-C0BBA00D4624}.RelWithDebInfo|x64.ActiveCfg = RelWithDebInfo|x64
		{4795B7C1-FCFA-364C-BB1B-91320AB9ECA1}.Debug|x64.ActiveCfg = Debug|x64
		{4795B7C1-FCFA-364C-BB1B-91320AB9ECA1}.Debug|x64.Build.0 = Debug|x64
		{4795B7C1-FCFA-364C-BB1B-91320AB9ECA1}.Release|x64.ActiveCfg = Release|x64
		{4795B7C1-FCFA-364C-BB1B-91320AB9ECA1}.Release|x64.Build.0 = Release|x64
		{4795B7C1-FCFA-364C-BB1B-91320AB9ECA1}.MinSizeRel|x64.ActiveCfg = MinSizeRel|x64
		{4795B7C1-FCFA-364C-BB1B-91320AB9ECA1}.MinSizeRel|x64.Build.0 = MinSizeRel|x64
		{4795B7C1-FCFA-364C-BB1B-91320AB9ECA1}.RelWithDebInfo|x64.ActiveCfg = RelWithDebInfo|x64
		{4795B7C1-FCFA-364C-BB1B-91320AB9ECA1}.RelWithDebInfo|x64.Build.0 = RelWithDebInfo|x64
		{59D96D23-8EA9-371B-BC77-BE576C87B5A8}.Debug|x64.ActiveCfg = Debug|x64
		{59D96D23-8EA9-371B-BC77-BE576C87B5A8}.Debug|x64.Build.0 = Debug|x64
		{59D96D23-8EA9-371B-BC77-BE576C87B5A8}.Release|x64.ActiveCfg = Release|x64
		{59D96D23-8EA9-371B-BC77-BE576C87B5A8}.Release|x64.Build.0 = Release|x64
		{59D96D23-8EA9-371B-BC77-BE576C87B5A8}.MinSizeRel|x64.ActiveCfg = MinSizeRel|x64
		{59D96D23-8EA9-371B-BC77-BE576C87B5A8}.MinSizeRel|x64.Build.0 = MinSizeRel|x64
		{59D96D23-8EA9-371B-BC77-BE576C87B5A8}.RelWithDebInfo|x64.ActiveCfg = RelWithDebInfo|x64
		{59D96D23-8EA9-371B-BC77-BE576C87B5A8}.RelWithDebInfo|x64.Build.0 = RelWithDebInfo|x64
	EndGlobalSection
	GlobalSection(ExtensibilityGlobals) = postSolution
		SolutionGuid = {FB92C7AA-E0F0-3229-92AA-588AD3777135}
	EndGlobalSection
	GlobalSection(ExtensibilityAddIns) = postSolution
	EndGlobalSection
EndGlobal
